
Microsoft Visual Studio Solution File, Format Version 12.00
# Visual Studio Version 16
VisualStudioVersion = 16.0.30204.135
MinimumVisualStudioVersion = 10.0.40219.1
Project("{FAE04EC0-301F-11D3-BF4B-00C04F79EFBC}") = "WpfAppgRPC", "WpfAppgRPC\WpfAppgRPC.csproj", "{AAC8CD2D-744E-4CAF-BB67-8FBA8245A972}"
EndProject
Project("{FAE04EC0-301F-11D3-BF4B-00C04F79EFBC}") = "ClassLibrary1", "ClassLibrary1\ClassLibrary1.csproj", "{159063BC-08C6-4CF3-91DC-98AC067F9150}"
EndProject
Global
	GlobalSection(SolutionConfigurationPlatforms) = preSolution
		Debug|Any CPU = Debug|Any CPU
		Release|Any CPU = Release|Any CPU
	EndGlobalSection
	GlobalSection(ProjectConfigurationPlatforms) = postSolution
		{AAC8CD2D-744E-4CAF-BB67-8FBA8245A972}.Debug|Any CPU.ActiveCfg = Debug|Any CPU
		{AAC8CD2D-744E-4CAF-BB67-8FBA8245A972}.Debug|Any CPU.Build.0 = Debug|Any CPU
		{AAC8CD2D-744E-4CAF-BB67-8FBA8245A972}.Release|Any CPU.ActiveCfg = Release|Any CPU
		{AAC8CD2D-744E-4CAF-BB67-8FBA8245A972}.Release|Any CPU.Build.0 = Release|Any CPU
		{159063BC-08C6-4CF3-91DC-98AC067F9150}.Debug|Any CPU.ActiveCfg = Debug|Any CPU
		{159063BC-08C6-4CF3-91DC-98AC067F9150}.Debug|Any CPU.Build.0 = Debug|Any CPU
		{159063BC-08C6-4CF3-91DC-98AC067F9150}.Release|Any CPU.ActiveCfg = Release|Any CPU
		{159063BC-08C6-4CF3-91DC-98AC067F9150}.Release|Any CPU.Build.0 = Release|Any CPU
	EndGlobalSection
	GlobalSection(SolutionProperties) = preSolution
		HideSolutionNode = FALSE
	EndGlobalSection
	GlobalSection(ExtensibilityGlobals) = postSolution
		SolutionGuid = {08472724-DBC3-4B5E-910A-CE535EFB99E0}
	EndGlobalSection
EndGlobal
